
Microsoft Visual Studio Solution File, Format Version 12.00
# Visual Studio Version 16
VisualStudioVersion = 16.0.30907.101
MinimumVisualStudioVersion = 10.0.40219.1
Project("{FAE04EC0-301F-11D3-BF4B-00C04F79EFBC}") = "GameProject", "GameProject\GameProject.csproj", "{988A080B-AA49-4519-855E-27BA4847A1A3}"
EndProject
Global
	GlobalSection(SolutionConfigurationPlatforms) = preSolution
		Debug|Any CPU = Debug|Any CPU
		Release|Any CPU = Release|Any CPU
	EndGlobalSection
	GlobalSection(ProjectConfigurationPlatforms) = postSolution
		{988A080B-AA49-4519-855E-27BA4847A1A3}.Debug|Any CPU.ActiveCfg = Debug|Any CPU
		{988A080B-AA49-4519-855E-27BA4847A1A3}.Debug|Any CPU.Build.0 = Debug|Any CPU
		{988A080B-AA49-4519-855E-27BA4847A1A3}.Release|Any CPU.ActiveCfg = Release|Any CPU
		{988A080B-AA49-4519-855E-27BA4847A1A3}.Release|Any CPU.Build.0 = Release|Any CPU
	EndGlobalSection
	GlobalSection(SolutionProperties) = preSolution
		HideSolutionNode = FALSE
	EndGlobalSection
	GlobalSection(ExtensibilityGlobals) = postSolution
		SolutionGuid = {706ADF1B-252E-4E75-BF23-5C31EF20A96B}
	EndGlobalSection
EndGlobal
